
Microsoft Visual Studio Solution File, Format Version 12.00
# Visual Studio Version 16
VisualStudioVersion = 16.0.29001.49
MinimumVisualStudioVersion = 10.0.40219.1
Project("{FAE04EC0-301F-11D3-BF4B-00C04F79EFBC}") = "numbers", "numbers\numbers.csproj", "{E72C078D-0815-4009-B3B4-E5E7D51B84D2}"
EndProject
Global
	GlobalSection(SolutionConfigurationPlatforms) = preSolution
		Debug|Any CPU = Debug|Any CPU
		Release|Any CPU = Release|Any CPU
	EndGlobalSection
	GlobalSection(ProjectConfigurationPlatforms) = postSolution
		{E72C078D-0815-4009-B3B4-E5E7D51B84D2}.Debug|Any CPU.ActiveCfg = Debug|Any CPU
		{E72C078D-0815-4009-B3B4-E5E7D51B84D2}.Debug|Any CPU.Build.0 = Debug|Any CPU
		{E72C078D-0815-4009-B3B4-E5E7D51B84D2}.Release|Any CPU.ActiveCfg = Release|Any CPU
		{E72C078D-0815-4009-B3B4-E5E7D51B84D2}.Release|Any CPU.Build.0 = Release|Any CPU
	EndGlobalSection
	GlobalSection(SolutionProperties) = preSolution
		HideSolutionNode = FALSE
	EndGlobalSection
	GlobalSection(ExtensibilityGlobals) = postSolution
		SolutionGuid = {D4A06347-CC13-4E49-BD36-2D955EAF7DC2}
	EndGlobalSection
EndGlobal
